// !$*UTF8*$!
{
	archiveVersion = 1;
	classes = {
	};
	objectVersion = 50;
	objects = {

/* Begin PBXBuildFile section */
		040839BE210705C000FEC7F8 /* FQShopAppViewController.m in Sources */ = {isa = PBXBuildFile; fileRef = 040839BD210705C000FEC7F8 /* FQShopAppViewController.m */; };
		040839C12107091F00FEC7F8 /* LeftTableViewCell.m in Sources */ = {isa = PBXBuildFile; fileRef = 040839C02107091F00FEC7F8 /* LeftTableViewCell.m */; };
		040839C42107094900FEC7F8 /* CollectionViewHeaderView.m in Sources */ = {isa = PBXBuildFile; fileRef = 040839C32107094900FEC7F8 /* CollectionViewHeaderView.m */; };
		040839C721070B5C00FEC7F8 /* CollectionViewCell.m in Sources */ = {isa = PBXBuildFile; fileRef = 040839C621070B5C00FEC7F8 /* CollectionViewCell.m */; };
		040839CA21070E4400FEC7F8 /* FQCollectionViewFlowLayout.m in Sources */ = {isa = PBXBuildFile; fileRef = 040839C921070E4400FEC7F8 /* FQCollectionViewFlowLayout.m */; };
		0434ECEA20CE1B33000156A5 /* AppDelegate.m in Sources */ = {isa = PBXBuildFile; fileRef = 0434ECE920CE1B33000156A5 /* AppDelegate.m */; };
		0434ECED20CE1B33000156A5 /* ViewController.m in Sources */ = {isa = PBXBuildFile; fileRef = 0434ECEC20CE1B33000156A5 /* ViewController.m */; };
		0434ECF020CE1B33000156A5 /* Main.storyboard in Resources */ = {isa = PBXBuildFile; fileRef = 0434ECEE20CE1B33000156A5 /* Main.storyboard */; };
		0434ECF220CE1B34000156A5 /* Assets.xcassets in Resources */ = {isa = PBXBuildFile; fileRef = 0434ECF120CE1B34000156A5 /* Assets.xcassets */; };
		0434ECF520CE1B34000156A5 /* LaunchScreen.storyboard in Resources */ = {isa = PBXBuildFile; fileRef = 0434ECF320CE1B34000156A5 /* LaunchScreen.storyboard */; };
		0434ECF820CE1B34000156A5 /* main.m in Sources */ = {isa = PBXBuildFile; fileRef = 0434ECF720CE1B34000156A5 /* main.m */; };
		0434ED0220CE1B34000156A5 /* FQLinkageTableViewToolTests.m in Sources */ = {isa = PBXBuildFile; fileRef = 0434ED0120CE1B34000156A5 /* FQLinkageTableViewToolTests.m */; };
		0434ED0D20CE1B34000156A5 /* FQLinkageTableViewToolUITests.m in Sources */ = {isa = PBXBuildFile; fileRef = 0434ED0C20CE1B34000156A5 /* FQLinkageTableViewToolUITests.m */; };
		045672A3214F8C75001E44D0 /* FQLinkageScrollView.m in Sources */ = {isa = PBXBuildFile; fileRef = 045672A2214F8C75001E44D0 /* FQLinkageScrollView.m */; };
		04720F2B20E1E0D3004B3334 /* BaseAppViewController.m in Sources */ = {isa = PBXBuildFile; fileRef = 04720F2A20E1E0D3004B3334 /* BaseAppViewController.m */; };
		04720F2F20E1E182004B3334 /* MeiTuanAppViewController.m in Sources */ = {isa = PBXBuildFile; fileRef = 04720F2E20E1E182004B3334 /* MeiTuanAppViewController.m */; };
		04720F3220E1E191004B3334 /* GovAppViewController.m in Sources */ = {isa = PBXBuildFile; fileRef = 04720F3120E1E191004B3334 /* GovAppViewController.m */; };
		04720F3520E1E1A0004B3334 /* AliPayAppViewController.m in Sources */ = {isa = PBXBuildFile; fileRef = 04720F3420E1E1A0004B3334 /* AliPayAppViewController.m */; };
		04720F6320E224C9004B3334 /* MASCompositeConstraint.m in Sources */ = {isa = PBXBuildFile; fileRef = 04720F4B20E224C9004B3334 /* MASCompositeConstraint.m */; };
		04720F6420E224C9004B3334 /* MASConstraint.m in Sources */ = {isa = PBXBuildFile; fileRef = 04720F4E20E224C9004B3334 /* MASConstraint.m */; };
		04720F6520E224C9004B3334 /* MASConstraintMaker.m in Sources */ = {isa = PBXBuildFile; fileRef = 04720F5020E224C9004B3334 /* MASConstraintMaker.m */; };
		04720F6620E224C9004B3334 /* MASLayoutConstraint.m in Sources */ = {isa = PBXBuildFile; fileRef = 04720F5220E224C9004B3334 /* MASLayoutConstraint.m */; };
		04720F6720E224C9004B3334 /* MASViewAttribute.m in Sources */ = {isa = PBXBuildFile; fileRef = 04720F5620E224C9004B3334 /* MASViewAttribute.m */; };
		04720F6820E224C9004B3334 /* MASViewConstraint.m in Sources */ = {isa = PBXBuildFile; fileRef = 04720F5820E224C9004B3334 /* MASViewConstraint.m */; };
		04720F6920E224C9004B3334 /* NSArray+MASAdditions.m in Sources */ = {isa = PBXBuildFile; fileRef = 04720F5A20E224C9004B3334 /* NSArray+MASAdditions.m */; };
		04720F6A20E224C9004B3334 /* NSLayoutConstraint+MASDebugAdditions.m in Sources */ = {isa = PBXBuildFile; fileRef = 04720F5D20E224C9004B3334 /* NSLayoutConstraint+MASDebugAdditions.m */; };
		04720F6B20E224C9004B3334 /* View+MASAdditions.m in Sources */ = {isa = PBXBuildFile; fileRef = 04720F5F20E224C9004B3334 /* View+MASAdditions.m */; };
		04720F6C20E224C9004B3334 /* ViewController+MASAdditions.m in Sources */ = {isa = PBXBuildFile; fileRef = 04720F6220E224C9004B3334 /* ViewController+MASAdditions.m */; };
		04720F6F20E224F4004B3334 /* UIImage+Extension.m in Sources */ = {isa = PBXBuildFile; fileRef = 04720F6D20E224F4004B3334 /* UIImage+Extension.m */; };
		047876BD210188420097D7E0 /* AliPayTestViewController.m in Sources */ = {isa = PBXBuildFile; fileRef = 047876BC210188420097D7E0 /* AliPayTestViewController.m */; };
		047876C0210188780097D7E0 /* AliPayFunctionCell.m in Sources */ = {isa = PBXBuildFile; fileRef = 047876BF210188780097D7E0 /* AliPayFunctionCell.m */; };
		047876C321018E200097D7E0 /* AliPayHeaderView.m in Sources */ = {isa = PBXBuildFile; fileRef = 047876C221018E200097D7E0 /* AliPayHeaderView.m */; };
		047876C82101BB1B0097D7E0 /* UIView+Frame.m in Sources */ = {isa = PBXBuildFile; fileRef = 047876C72101BB1B0097D7E0 /* UIView+Frame.m */; };
		047876CB2101C03D0097D7E0 /* AliPayTopCell.m in Sources */ = {isa = PBXBuildFile; fileRef = 047876CA2101C03D0097D7E0 /* AliPayTopCell.m */; };
		04F8E3FB20FF1AEC00BC8EB5 /* UINavigationBar+Awesome.m in Sources */ = {isa = PBXBuildFile; fileRef = 04F8E3F920FF1AEC00BC8EB5 /* UINavigationBar+Awesome.m */; };
		04F8E3FE20FF1DDE00BC8EB5 /* MTShopListCell.m in Sources */ = {isa = PBXBuildFile; fileRef = 04F8E3FD20FF1DDE00BC8EB5 /* MTShopListCell.m */; };
		04F8E40120FF236100BC8EB5 /* MeiTuanShopViewController.m in Sources */ = {isa = PBXBuildFile; fileRef = 04F8E40020FF236100BC8EB5 /* MeiTuanShopViewController.m */; };
		04F8E40520FF24D200BC8EB5 /* MTSectionHeader.m in Sources */ = {isa = PBXBuildFile; fileRef = 04F8E40420FF24D200BC8EB5 /* MTSectionHeader.m */; };
		04F8E40820FF258E00BC8EB5 /* MTShopHeaderView.m in Sources */ = {isa = PBXBuildFile; fileRef = 04F8E40720FF258E00BC8EB5 /* MTShopHeaderView.m */; };
		04F8E40C20FF27C600BC8EB5 /* MTShopCountStepper.m in Sources */ = {isa = PBXBuildFile; fileRef = 04F8E40B20FF27C600BC8EB5 /* MTShopCountStepper.m */; };
		04F8E40F20FF286000BC8EB5 /* FQGoodsModel.m in Sources */ = {isa = PBXBuildFile; fileRef = 04F8E40E20FF286000BC8EB5 /* FQGoodsModel.m */; };
		04F8E41220FF28C500BC8EB5 /* FQGoodsGroupModel.m in Sources */ = {isa = PBXBuildFile; fileRef = 04F8E41120FF28C500BC8EB5 /* FQGoodsGroupModel.m */; };
		04F8E41520FF290D00BC8EB5 /* FQGoodsListModel.m in Sources */ = {isa = PBXBuildFile; fileRef = 04F8E41420FF290D00BC8EB5 /* FQGoodsListModel.m */; };
		04F8E41820FF294300BC8EB5 /* FQShopCartModel.m in Sources */ = {isa = PBXBuildFile; fileRef = 04F8E41720FF294300BC8EB5 /* FQShopCartModel.m */; };
		04F8E41B20FF295300BC8EB5 /* FQShopBagModel.m in Sources */ = {isa = PBXBuildFile; fileRef = 04F8E41A20FF295300BC8EB5 /* FQShopBagModel.m */; };
		04F8E41E20FF2FD900BC8EB5 /* FQLinkageTableView.m in Sources */ = {isa = PBXBuildFile; fileRef = 04F8E41D20FF2FD900BC8EB5 /* FQLinkageTableView.m */; };
		04F8E42120FF301E00BC8EB5 /* FQGoodsIndexCell.m in Sources */ = {isa = PBXBuildFile; fileRef = 04F8E42020FF301E00BC8EB5 /* FQGoodsIndexCell.m */; };
		04F8E42420FF32CD00BC8EB5 /* FQGoodsListCell.m in Sources */ = {isa = PBXBuildFile; fileRef = 04F8E42320FF32CD00BC8EB5 /* FQGoodsListCell.m */; };
		04F8E42720FF3AA300BC8EB5 /* FQShoppingBar.m in Sources */ = {isa = PBXBuildFile; fileRef = 04F8E42620FF3AA300BC8EB5 /* FQShoppingBar.m */; };
		04F8E42A20FF3AC200BC8EB5 /* FQShoppingBarView.m in Sources */ = {isa = PBXBuildFile; fileRef = 04F8E42920FF3AC200BC8EB5 /* FQShoppingBarView.m */; };
		04F8E42D20FF3ADA00BC8EB5 /* FQShoppingCartView.m in Sources */ = {isa = PBXBuildFile; fileRef = 04F8E42C20FF3ADA00BC8EB5 /* FQShoppingCartView.m */; };
		04F8E43020FF3AEC00BC8EB5 /* FQCartHeader.m in Sources */ = {isa = PBXBuildFile; fileRef = 04F8E42F20FF3AEC00BC8EB5 /* FQCartHeader.m */; };
		04F8E43320FF3AFF00BC8EB5 /* FQCartFooter.m in Sources */ = {isa = PBXBuildFile; fileRef = 04F8E43220FF3AFF00BC8EB5 /* FQCartFooter.m */; };
		04F8E43620FF3B0D00BC8EB5 /* FQCartGoodsCell.m in Sources */ = {isa = PBXBuildFile; fileRef = 04F8E43520FF3B0D00BC8EB5 /* FQCartGoodsCell.m */; };
		04F8E43820FF58FD00BC8EB5 /* FQShoppingBarView.xib in Resources */ = {isa = PBXBuildFile; fileRef = 04F8E43720FF58FD00BC8EB5 /* FQShoppingBarView.xib */; };
/* End PBXBuildFile section */

/* Begin PBXContainerItemProxy section */
		0434ECFE20CE1B34000156A5 /* PBXContainerItemProxy */ = {
			isa = PBXContainerItemProxy;
			containerPortal = 0434ECDD20CE1B33000156A5 /* Project object */;
			proxyType = 1;
			remoteGlobalIDString = 0434ECE420CE1B33000156A5;
			remoteInfo = FQLinkageTableViewTool;
		};
		0434ED0920CE1B34000156A5 /* PBXContainerItemProxy */ = {
			isa = PBXContainerItemProxy;
			containerPortal = 0434ECDD20CE1B33000156A5 /* Project object */;
			proxyType = 1;
			remoteGlobalIDString = 0434ECE420CE1B33000156A5;
			remoteInfo = FQLinkageTableViewTool;
		};
/* End PBXContainerItemProxy section */

/* Begin PBXFileReference section */
		040839BC210705C000FEC7F8 /* FQShopAppViewController.h */ = {isa = PBXFileReference; lastKnownFileType = sourcecode.c.h; path = FQShopAppViewController.h; sourceTree = "<group>"; };
		040839BD210705C000FEC7F8 /* FQShopAppViewController.m */ = {isa = PBXFileReference; lastKnownFileType = sourcecode.c.objc; path = FQShopAppViewController.m; sourceTree = "<group>"; };
		040839BF2107091F00FEC7F8 /* LeftTableViewCell.h */ = {isa = PBXFileReference; lastKnownFileType = sourcecode.c.h; path = LeftTableViewCell.h; sourceTree = "<group>"; };
		040839C02107091F00FEC7F8 /* LeftTableViewCell.m */ = {isa = PBXFileReference; lastKnownFileType = sourcecode.c.objc; path = LeftTableViewCell.m; sourceTree = "<group>"; };
		040839C22107094900FEC7F8 /* CollectionViewHeaderView.h */ = {isa = PBXFileReference; lastKnownFileType = sourcecode.c.h; path = CollectionViewHeaderView.h; sourceTree = "<group>"; };
		040839C32107094900FEC7F8 /* CollectionViewHeaderView.m */ = {isa = PBXFileReference; lastKnownFileType = sourcecode.c.objc; path = CollectionViewHeaderView.m; sourceTree = "<group>"; };
		040839C521070B5C00FEC7F8 /* CollectionViewCell.h */ = {isa = PBXFileReference; lastKnownFileType = sourcecode.c.h; path = CollectionViewCell.h; sourceTree = "<group>"; };
		040839C621070B5C00FEC7F8 /* CollectionViewCell.m */ = {isa = PBXFileReference; lastKnownFileType = sourcecode.c.objc; path = CollectionViewCell.m; sourceTree = "<group>"; };
		040839C821070E4400FEC7F8 /* FQCollectionViewFlowLayout.h */ = {isa = PBXFileReference; lastKnownFileType = sourcecode.c.h; path = FQCollectionViewFlowLayout.h; sourceTree = "<group>"; };
		040839C921070E4400FEC7F8 /* FQCollectionViewFlowLayout.m */ = {isa = PBXFileReference; lastKnownFileType = sourcecode.c.objc; path = FQCollectionViewFlowLayout.m; sourceTree = "<group>"; };
		0434ECE520CE1B33000156A5 /* FQLinkageTableViewTool.app */ = {isa = PBXFileReference; explicitFileType = wrapper.application; includeInIndex = 0; path = FQLinkageTableViewTool.app; sourceTree = BUILT_PRODUCTS_DIR; };
		0434ECE820CE1B33000156A5 /* AppDelegate.h */ = {isa = PBXFileReference; lastKnownFileType = sourcecode.c.h; path = AppDelegate.h; sourceTree = "<group>"; };
		0434ECE920CE1B33000156A5 /* AppDelegate.m */ = {isa = PBXFileReference; lastKnownFileType = sourcecode.c.objc; path = AppDelegate.m; sourceTree = "<group>"; };
		0434ECEB20CE1B33000156A5 /* ViewController.h */ = {isa = PBXFileReference; lastKnownFileType = sourcecode.c.h; path = ViewController.h; sourceTree = "<group>"; };
		0434ECEC20CE1B33000156A5 /* ViewController.m */ = {isa = PBXFileReference; lastKnownFileType = sourcecode.c.objc; path = ViewController.m; sourceTree = "<group>"; };
		0434ECEF20CE1B33000156A5 /* Base */ = {isa = PBXFileReference; lastKnownFileType = file.storyboard; name = Base; path = Base.lproj/Main.storyboard; sourceTree = "<group>"; };
		0434ECF120CE1B34000156A5 /* Assets.xcassets */ = {isa = PBXFileReference; lastKnownFileType = folder.assetcatalog; path = Assets.xcassets; sourceTree = "<group>"; };
		0434ECF420CE1B34000156A5 /* Base */ = {isa = PBXFileReference; lastKnownFileType = file.storyboard; name = Base; path = Base.lproj/LaunchScreen.storyboard; sourceTree = "<group>"; };
		0434ECF620CE1B34000156A5 /* Info.plist */ = {isa = PBXFileReference; lastKnownFileType = text.plist.xml; path = Info.plist; sourceTree = "<group>"; };
		0434ECF720CE1B34000156A5 /* main.m */ = {isa = PBXFileReference; lastKnownFileType = sourcecode.c.objc; path = main.m; sourceTree = "<group>"; };
		0434ECFD20CE1B34000156A5 /* FQLinkageTableViewToolTests.xctest */ = {isa = PBXFileReference; explicitFileType = wrapper.cfbundle; includeInIndex = 0; path = FQLinkageTableViewToolTests.xctest; sourceTree = BUILT_PRODUCTS_DIR; };
		0434ED0120CE1B34000156A5 /* FQLinkageTableViewToolTests.m */ = {isa = PBXFileReference; lastKnownFileType = sourcecode.c.objc; path = FQLinkageTableViewToolTests.m; sourceTree = "<group>"; };
		0434ED0320CE1B34000156A5 /* Info.plist */ = {isa = PBXFileReference; lastKnownFileType = text.plist.xml; path = Info.plist; sourceTree = "<group>"; };
		0434ED0820CE1B34000156A5 /* FQLinkageTableViewToolUITests.xctest */ = {isa = PBXFileReference; explicitFileType = wrapper.cfbundle; includeInIndex = 0; path = FQLinkageTableViewToolUITests.xctest; sourceTree = BUILT_PRODUCTS_DIR; };
		0434ED0C20CE1B34000156A5 /* FQLinkageTableViewToolUITests.m */ = {isa = PBXFileReference; lastKnownFileType = sourcecode.c.objc; path = FQLinkageTableViewToolUITests.m; sourceTree = "<group>"; };
		0434ED0E20CE1B34000156A5 /* Info.plist */ = {isa = PBXFileReference; lastKnownFileType = text.plist.xml; path = Info.plist; sourceTree = "<group>"; };
		045672A1214F8C75001E44D0 /* FQLinkageScrollView.h */ = {isa = PBXFileReference; lastKnownFileType = sourcecode.c.h; path = FQLinkageScrollView.h; sourceTree = "<group>"; };
		045672A2214F8C75001E44D0 /* FQLinkageScrollView.m */ = {isa = PBXFileReference; lastKnownFileType = sourcecode.c.objc; path = FQLinkageScrollView.m; sourceTree = "<group>"; };
		04720F2920E1E0D3004B3334 /* BaseAppViewController.h */ = {isa = PBXFileReference; lastKnownFileType = sourcecode.c.h; path = BaseAppViewController.h; sourceTree = "<group>"; };
		04720F2A20E1E0D3004B3334 /* BaseAppViewController.m */ = {isa = PBXFileReference; lastKnownFileType = sourcecode.c.objc; path = BaseAppViewController.m; sourceTree = "<group>"; };
		04720F2C20E1E0EB004B3334 /* PrefixHeader.pch */ = {isa = PBXFileReference; lastKnownFileType = sourcecode.c.h; path = PrefixHeader.pch; sourceTree = "<group>"; };
		04720F2D20E1E182004B3334 /* MeiTuanAppViewController.h */ = {isa = PBXFileReference; lastKnownFileType = sourcecode.c.h; path = MeiTuanAppViewController.h; sourceTree = "<group>"; };
		04720F2E20E1E182004B3334 /* MeiTuanAppViewController.m */ = {isa = PBXFileReference; lastKnownFileType = sourcecode.c.objc; path = MeiTuanAppViewController.m; sourceTree = "<group>"; };
		04720F3020E1E191004B3334 /* GovAppViewController.h */ = {isa = PBXFileReference; lastKnownFileType = sourcecode.c.h; path = GovAppViewController.h; sourceTree = "<group>"; };
		04720F3120E1E191004B3334 /* GovAppViewController.m */ = {isa = PBXFileReference; lastKnownFileType = sourcecode.c.objc; path = GovAppViewController.m; sourceTree = "<group>"; };
		04720F3320E1E1A0004B3334 /* AliPayAppViewController.h */ = {isa = PBXFileReference; lastKnownFileType = sourcecode.c.h; path = AliPayAppViewController.h; sourceTree = "<group>"; };
		04720F3420E1E1A0004B3334 /* AliPayAppViewController.m */ = {isa = PBXFileReference; lastKnownFileType = sourcecode.c.objc; path = AliPayAppViewController.m; sourceTree = "<group>"; };
		04720F4A20E224C9004B3334 /* MASCompositeConstraint.h */ = {isa = PBXFileReference; fileEncoding = 4; lastKnownFileType = sourcecode.c.h; path = MASCompositeConstraint.h; sourceTree = "<group>"; };
		04720F4B20E224C9004B3334 /* MASCompositeConstraint.m */ = {isa = PBXFileReference; fileEncoding = 4; lastKnownFileType = sourcecode.c.objc; path = MASCompositeConstraint.m; sourceTree = "<group>"; };
		04720F4C20E224C9004B3334 /* MASConstraint+Private.h */ = {isa = PBXFileReference; fileEncoding = 4; lastKnownFileType = sourcecode.c.h; path = "MASConstraint+Private.h"; sourceTree = "<group>"; };
		04720F4D20E224C9004B3334 /* MASConstraint.h */ = {isa = PBXFileReference; fileEncoding = 4; lastKnownFileType = sourcecode.c.h; path = MASConstraint.h; sourceTree = "<group>"; };
		04720F4E20E224C9004B3334 /* MASConstraint.m */ = {isa = PBXFileReference; fileEncoding = 4; lastKnownFileType = sourcecode.c.objc; path = MASConstraint.m; sourceTree = "<group>"; };
		04720F4F20E224C9004B3334 /* MASConstraintMaker.h */ = {isa = PBXFileReference; fileEncoding = 4; lastKnownFileType = sourcecode.c.h; path = MASConstraintMaker.h; sourceTree = "<group>"; };
		04720F5020E224C9004B3334 /* MASConstraintMaker.m */ = {isa = PBXFileReference; fileEncoding = 4; lastKnownFileType = sourcecode.c.objc; path = MASConstraintMaker.m; sourceTree = "<group>"; };
		04720F5120E224C9004B3334 /* MASLayoutConstraint.h */ = {isa = PBXFileReference; fileEncoding = 4; lastKnownFileType = sourcecode.c.h; path = MASLayoutConstraint.h; sourceTree = "<group>"; };
		04720F5220E224C9004B3334 /* MASLayoutConstraint.m */ = {isa = PBXFileReference; fileEncoding = 4; lastKnownFileType = sourcecode.c.objc; path = MASLayoutConstraint.m; sourceTree = "<group>"; };
		04720F5320E224C9004B3334 /* Masonry.h */ = {isa = PBXFileReference; fileEncoding = 4; lastKnownFileType = sourcecode.c.h; path = Masonry.h; sourceTree = "<group>"; };
		04720F5420E224C9004B3334 /* MASUtilities.h */ = {isa = PBXFileReference; fileEncoding = 4; lastKnownFileType = sourcecode.c.h; path = MASUtilities.h; sourceTree = "<group>"; };
		04720F5520E224C9004B3334 /* MASViewAttribute.h */ = {isa = PBXFileReference; fileEncoding = 4; lastKnownFileType = sourcecode.c.h; path = MASViewAttribute.h; sourceTree = "<group>"; };
		04720F5620E224C9004B3334 /* MASViewAttribute.m */ = {isa = PBXFileReference; fileEncoding = 4; lastKnownFileType = sourcecode.c.objc; path = MASViewAttribute.m; sourceTree = "<group>"; };
		04720F5720E224C9004B3334 /* MASViewConstraint.h */ = {isa = PBXFileReference; fileEncoding = 4; lastKnownFileType = sourcecode.c.h; path = MASViewConstraint.h; sourceTree = "<group>"; };
		04720F5820E224C9004B3334 /* MASViewConstraint.m */ = {isa = PBXFileReference; fileEncoding = 4; lastKnownFileType = sourcecode.c.objc; path = MASViewConstraint.m; sourceTree = "<group>"; };
		04720F5920E224C9004B3334 /* NSArray+MASAdditions.h */ = {isa = PBXFileReference; fileEncoding = 4; lastKnownFileType = sourcecode.c.h; path = "NSArray+MASAdditions.h"; sourceTree = "<group>"; };
		04720F5A20E224C9004B3334 /* NSArray+MASAdditions.m */ = {isa = PBXFileReference; fileEncoding = 4; lastKnownFileType = sourcecode.c.objc; path = "NSArray+MASAdditions.m"; sourceTree = "<group>"; };
		04720F5B20E224C9004B3334 /* NSArray+MASShorthandAdditions.h */ = {isa = PBXFileReference; fileEncoding = 4; lastKnownFileType = sourcecode.c.h; path = "NSArray+MASShorthandAdditions.h"; sourceTree = "<group>"; };
		04720F5C20E224C9004B3334 /* NSLayoutConstraint+MASDebugAdditions.h */ = {isa = PBXFileReference; fileEncoding = 4; lastKnownFileType = sourcecode.c.h; path = "NSLayoutConstraint+MASDebugAdditions.h"; sourceTree = "<group>"; };
		04720F5D20E224C9004B3334 /* NSLayoutConstraint+MASDebugAdditions.m */ = {isa = PBXFileReference; fileEncoding = 4; lastKnownFileType = sourcecode.c.objc; path = "NSLayoutConstraint+MASDebugAdditions.m"; sourceTree = "<group>"; };
		04720F5E20E224C9004B3334 /* View+MASAdditions.h */ = {isa = PBXFileReference; fileEncoding = 4; lastKnownFileType = sourcecode.c.h; path = "View+MASAdditions.h"; sourceTree = "<group>"; };
		04720F5F20E224C9004B3334 /* View+MASAdditions.m */ = {isa = PBXFileReference; fileEncoding = 4; lastKnownFileType = sourcecode.c.objc; path = "View+MASAdditions.m"; sourceTree = "<group>"; };
		04720F6020E224C9004B3334 /* View+MASShorthandAdditions.h */ = {isa = PBXFileReference; fileEncoding = 4; lastKnownFileType = sourcecode.c.h; path = "View+MASShorthandAdditions.h"; sourceTree = "<group>"; };
		04720F6120E224C9004B3334 /* ViewController+MASAdditions.h */ = {isa = PBXFileReference; fileEncoding = 4; lastKnownFileType = sourcecode.c.h; path = "ViewController+MASAdditions.h"; sourceTree = "<group>"; };
		04720F6220E224C9004B3334 /* ViewController+MASAdditions.m */ = {isa = PBXFileReference; fileEncoding = 4; lastKnownFileType = sourcecode.c.objc; path = "ViewController+MASAdditions.m"; sourceTree = "<group>"; };
		04720F6D20E224F4004B3334 /* UIImage+Extension.m */ = {isa = PBXFileReference; fileEncoding = 4; lastKnownFileType = sourcecode.c.objc; path = "UIImage+Extension.m"; sourceTree = "<group>"; };
		04720F6E20E224F4004B3334 /* UIImage+Extension.h */ = {isa = PBXFileReference; fileEncoding = 4; lastKnownFileType = sourcecode.c.h; path = "UIImage+Extension.h"; sourceTree = "<group>"; };
		047876BB210188420097D7E0 /* AliPayTestViewController.h */ = {isa = PBXFileReference; lastKnownFileType = sourcecode.c.h; path = AliPayTestViewController.h; sourceTree = "<group>"; };
		047876BC210188420097D7E0 /* AliPayTestViewController.m */ = {isa = PBXFileReference; lastKnownFileType = sourcecode.c.objc; path = AliPayTestViewController.m; sourceTree = "<group>"; };
		047876BE210188780097D7E0 /* AliPayFunctionCell.h */ = {isa = PBXFileReference; lastKnownFileType = sourcecode.c.h; path = AliPayFunctionCell.h; sourceTree = "<group>"; };
		047876BF210188780097D7E0 /* AliPayFunctionCell.m */ = {isa = PBXFileReference; lastKnownFileType = sourcecode.c.objc; path = AliPayFunctionCell.m; sourceTree = "<group>"; };
		047876C121018E200097D7E0 /* AliPayHeaderView.h */ = {isa = PBXFileReference; lastKnownFileType = sourcecode.c.h; path = AliPayHeaderView.h; sourceTree = "<group>"; };
		047876C221018E200097D7E0 /* AliPayHeaderView.m */ = {isa = PBXFileReference; lastKnownFileType = sourcecode.c.objc; path = AliPayHeaderView.m; sourceTree = "<group>"; };
		047876C62101BB1B0097D7E0 /* UIView+Frame.h */ = {isa = PBXFileReference; fileEncoding = 4; lastKnownFileType = sourcecode.c.h; path = "UIView+Frame.h"; sourceTree = "<group>"; };
		047876C72101BB1B0097D7E0 /* UIView+Frame.m */ = {isa = PBXFileReference; fileEncoding = 4; lastKnownFileType = sourcecode.c.objc; path = "UIView+Frame.m"; sourceTree = "<group>"; };
		047876C92101C03D0097D7E0 /* AliPayTopCell.h */ = {isa = PBXFileReference; lastKnownFileType = sourcecode.c.h; path = AliPayTopCell.h; sourceTree = "<group>"; };
		047876CA2101C03D0097D7E0 /* AliPayTopCell.m */ = {isa = PBXFileReference; lastKnownFileType = sourcecode.c.objc; path = AliPayTopCell.m; sourceTree = "<group>"; };
		04F8E3F920FF1AEC00BC8EB5 /* UINavigationBar+Awesome.m */ = {isa = PBXFileReference; fileEncoding = 4; lastKnownFileType = sourcecode.c.objc; path = "UINavigationBar+Awesome.m"; sourceTree = "<group>"; };
		04F8E3FA20FF1AEC00BC8EB5 /* UINavigationBar+Awesome.h */ = {isa = PBXFileReference; fileEncoding = 4; lastKnownFileType = sourcecode.c.h; path = "UINavigationBar+Awesome.h"; sourceTree = "<group>"; };
		04F8E3FC20FF1DDE00BC8EB5 /* MTShopListCell.h */ = {isa = PBXFileReference; lastKnownFileType = sourcecode.c.h; path = MTShopListCell.h; sourceTree = "<group>"; };
		04F8E3FD20FF1DDE00BC8EB5 /* MTShopListCell.m */ = {isa = PBXFileReference; lastKnownFileType = sourcecode.c.objc; path = MTShopListCell.m; sourceTree = "<group>"; };
		04F8E3FF20FF236100BC8EB5 /* MeiTuanShopViewController.h */ = {isa = PBXFileReference; lastKnownFileType = sourcecode.c.h; path = MeiTuanShopViewController.h; sourceTree = "<group>"; };
		04F8E40020FF236100BC8EB5 /* MeiTuanShopViewController.m */ = {isa = PBXFileReference; lastKnownFileType = sourcecode.c.objc; path = MeiTuanShopViewController.m; sourceTree = "<group>"; };
		04F8E40320FF24D200BC8EB5 /* MTSectionHeader.h */ = {isa = PBXFileReference; lastKnownFileType = sourcecode.c.h; path = MTSectionHeader.h; sourceTree = "<group>"; };
		04F8E40420FF24D200BC8EB5 /* MTSectionHeader.m */ = {isa = PBXFileReference; lastKnownFileType = sourcecode.c.objc; path = MTSectionHeader.m; sourceTree = "<group>"; };
		04F8E40620FF258E00BC8EB5 /* MTShopHeaderView.h */ = {isa = PBXFileReference; lastKnownFileType = sourcecode.c.h; path = MTShopHeaderView.h; sourceTree = "<group>"; };
		04F8E40720FF258E00BC8EB5 /* MTShopHeaderView.m */ = {isa = PBXFileReference; lastKnownFileType = sourcecode.c.objc; path = MTShopHeaderView.m; sourceTree = "<group>"; };
		04F8E40920FF278900BC8EB5 /* MTShopCartDefine.h */ = {isa = PBXFileReference; lastKnownFileType = sourcecode.c.h; path = MTShopCartDefine.h; sourceTree = "<group>"; };
		04F8E40A20FF27C600BC8EB5 /* MTShopCountStepper.h */ = {isa = PBXFileReference; lastKnownFileType = sourcecode.c.h; path = MTShopCountStepper.h; sourceTree = "<group>"; };
		04F8E40B20FF27C600BC8EB5 /* MTShopCountStepper.m */ = {isa = PBXFileReference; lastKnownFileType = sourcecode.c.objc; path = MTShopCountStepper.m; sourceTree = "<group>"; };
		04F8E40D20FF286000BC8EB5 /* FQGoodsModel.h */ = {isa = PBXFileReference; lastKnownFileType = sourcecode.c.h; path = FQGoodsModel.h; sourceTree = "<group>"; };
		04F8E40E20FF286000BC8EB5 /* FQGoodsModel.m */ = {isa = PBXFileReference; lastKnownFileType = sourcecode.c.objc; path = FQGoodsModel.m; sourceTree = "<group>"; };
		04F8E41020FF28C500BC8EB5 /* FQGoodsGroupModel.h */ = {isa = PBXFileReference; lastKnownFileType = sourcecode.c.h; path = FQGoodsGroupModel.h; sourceTree = "<group>"; };
		04F8E41120FF28C500BC8EB5 /* FQGoodsGroupModel.m */ = {isa = PBXFileReference; lastKnownFileType = sourcecode.c.objc; path = FQGoodsGroupModel.m; sourceTree = "<group>"; };
		04F8E41320FF290D00BC8EB5 /* FQGoodsListModel.h */ = {isa = PBXFileReference; lastKnownFileType = sourcecode.c.h; path = FQGoodsListModel.h; sourceTree = "<group>"; };
		04F8E41420FF290D00BC8EB5 /* FQGoodsListModel.m */ = {isa = PBXFileReference; lastKnownFileType = sourcecode.c.objc; path = FQGoodsListModel.m; sourceTree = "<group>"; };
		04F8E41620FF294300BC8EB5 /* FQShopCartModel.h */ = {isa = PBXFileReference; lastKnownFileType = sourcecode.c.h; path = FQShopCartModel.h; sourceTree = "<group>"; };
		04F8E41720FF294300BC8EB5 /* FQShopCartModel.m */ = {isa = PBXFileReference; lastKnownFileType = sourcecode.c.objc; path = FQShopCartModel.m; sourceTree = "<group>"; };
		04F8E41920FF295300BC8EB5 /* FQShopBagModel.h */ = {isa = PBXFileReference; lastKnownFileType = sourcecode.c.h; path = FQShopBagModel.h; sourceTree = "<group>"; };
		04F8E41A20FF295300BC8EB5 /* FQShopBagModel.m */ = {isa = PBXFileReference; lastKnownFileType = sourcecode.c.objc; path = FQShopBagModel.m; sourceTree = "<group>"; };
		04F8E41C20FF2FD900BC8EB5 /* FQLinkageTableView.h */ = {isa = PBXFileReference; lastKnownFileType = sourcecode.c.h; path = FQLinkageTableView.h; sourceTree = "<group>"; };
		04F8E41D20FF2FD900BC8EB5 /* FQLinkageTableView.m */ = {isa = PBXFileReference; lastKnownFileType = sourcecode.c.objc; path = FQLinkageTableView.m; sourceTree = "<group>"; };
		04F8E41F20FF301E00BC8EB5 /* FQGoodsIndexCell.h */ = {isa = PBXFileReference; lastKnownFileType = sourcecode.c.h; path = FQGoodsIndexCell.h; sourceTree = "<group>"; };
		04F8E42020FF301E00BC8EB5 /* FQGoodsIndexCell.m */ = {isa = PBXFileReference; lastKnownFileType = sourcecode.c.objc; path = FQGoodsIndexCell.m; sourceTree = "<group>"; };
		04F8E42220FF32CD00BC8EB5 /* FQGoodsListCell.h */ = {isa = PBXFileReference; lastKnownFileType = sourcecode.c.h; path = FQGoodsListCell.h; sourceTree = "<group>"; };
		04F8E42320FF32CD00BC8EB5 /* FQGoodsListCell.m */ = {isa = PBXFileReference; lastKnownFileType = sourcecode.c.objc; path = FQGoodsListCell.m; sourceTree = "<group>"; };
		04F8E42520FF3AA300BC8EB5 /* FQShoppingBar.h */ = {isa = PBXFileReference; lastKnownFileType = sourcecode.c.h; path = FQShoppingBar.h; sourceTree = "<group>"; };
		04F8E42620FF3AA300BC8EB5 /* FQShoppingBar.m */ = {isa = PBXFileReference; lastKnownFileType = sourcecode.c.objc; path = FQShoppingBar.m; sourceTree = "<group>"; };
		04F8E42820FF3AC200BC8EB5 /* FQShoppingBarView.h */ = {isa = PBXFileReference; lastKnownFileType = sourcecode.c.h; path = FQShoppingBarView.h; sourceTree = "<group>"; };
		04F8E42920FF3AC200BC8EB5 /* FQShoppingBarView.m */ = {isa = PBXFileReference; lastKnownFileType = sourcecode.c.objc; path = FQShoppingBarView.m; sourceTree = "<group>"; };
		04F8E42B20FF3ADA00BC8EB5 /* FQShoppingCartView.h */ = {isa = PBXFileReference; lastKnownFileType = sourcecode.c.h; path = FQShoppingCartView.h; sourceTree = "<group>"; };
		04F8E42C20FF3ADA00BC8EB5 /* FQShoppingCartView.m */ = {isa = PBXFileReference; lastKnownFileType = sourcecode.c.objc; path = FQShoppingCartView.m; sourceTree = "<group>"; };
		04F8E42E20FF3AEC00BC8EB5 /* FQCartHeader.h */ = {isa = PBXFileReference; lastKnownFileType = sourcecode.c.h; path = FQCartHeader.h; sourceTree = "<group>"; };
		04F8E42F20FF3AEC00BC8EB5 /* FQCartHeader.m */ = {isa = PBXFileReference; lastKnownFileType = sourcecode.c.objc; path = FQCartHeader.m; sourceTree = "<group>"; };
		04F8E43120FF3AFF00BC8EB5 /* FQCartFooter.h */ = {isa = PBXFileReference; lastKnownFileType = sourcecode.c.h; path = FQCartFooter.h; sourceTree = "<group>"; };
		04F8E43220FF3AFF00BC8EB5 /* FQCartFooter.m */ = {isa = PBXFileReference; lastKnownFileType = sourcecode.c.objc; path = FQCartFooter.m; sourceTree = "<group>"; };
		04F8E43420FF3B0D00BC8EB5 /* FQCartGoodsCell.h */ = {isa = PBXFileReference; lastKnownFileType = sourcecode.c.h; path = FQCartGoodsCell.h; sourceTree = "<group>"; };
		04F8E43520FF3B0D00BC8EB5 /* FQCartGoodsCell.m */ = {isa = PBXFileReference; lastKnownFileType = sourcecode.c.objc; path = FQCartGoodsCell.m; sourceTree = "<group>"; };
		04F8E43720FF58FD00BC8EB5 /* FQShoppingBarView.xib */ = {isa = PBXFileReference; lastKnownFileType = file.xib; path = FQShoppingBarView.xib; sourceTree = "<group>"; };
/* End PBXFileReference section */

/* Begin PBXFrameworksBuildPhase section */
		0434ECE220CE1B33000156A5 /* Frameworks */ = {
			isa = PBXFrameworksBuildPhase;
			buildActionMask = 2147483647;
			files = (
			);
			runOnlyForDeploymentPostprocessing = 0;
		};
		0434ECFA20CE1B34000156A5 /* Frameworks */ = {
			isa = PBXFrameworksBuildPhase;
			buildActionMask = 2147483647;
			files = (
			);
			runOnlyForDeploymentPostprocessing = 0;
		};
		0434ED0520CE1B34000156A5 /* Frameworks */ = {
			isa = PBXFrameworksBuildPhase;
			buildActionMask = 2147483647;
			files = (
			);
			runOnlyForDeploymentPostprocessing = 0;
		};
/* End PBXFrameworksBuildPhase section */

/* Begin PBXGroup section */
		040839B8210705A600FEC7F8 /* ShopApp */ = {
			isa = PBXGroup;
			children = (
				040839B9210705A600FEC7F8 /* Controller */,
				040839BA210705A600FEC7F8 /* Model */,
				040839BB210705A600FEC7F8 /* View */,
			);
			path = ShopApp;
			sourceTree = "<group>";
		};
		040839B9210705A600FEC7F8 /* Controller */ = {
			isa = PBXGroup;
			children = (
				040839BC210705C000FEC7F8 /* FQShopAppViewController.h */,
				040839BD210705C000FEC7F8 /* FQShopAppViewController.m */,
			);
			path = Controller;
			sourceTree = "<group>";
		};
		040839BA210705A600FEC7F8 /* Model */ = {
			isa = PBXGroup;
			children = (
			);
			path = Model;
			sourceTree = "<group>";
		};
		040839BB210705A600FEC7F8 /* View */ = {
			isa = PBXGroup;
			children = (
				040839BF2107091F00FEC7F8 /* LeftTableViewCell.h */,
				040839C02107091F00FEC7F8 /* LeftTableViewCell.m */,
				040839C22107094900FEC7F8 /* CollectionViewHeaderView.h */,
				040839C32107094900FEC7F8 /* CollectionViewHeaderView.m */,
				040839C521070B5C00FEC7F8 /* CollectionViewCell.h */,
				040839C621070B5C00FEC7F8 /* CollectionViewCell.m */,
				040839C821070E4400FEC7F8 /* FQCollectionViewFlowLayout.h */,
				040839C921070E4400FEC7F8 /* FQCollectionViewFlowLayout.m */,
			);
			path = View;
			sourceTree = "<group>";
		};
		0434ECDC20CE1B33000156A5 = {
			isa = PBXGroup;
			children = (
				0434ECE720CE1B33000156A5 /* FQLinkageTableViewTool */,
				0434ED0020CE1B34000156A5 /* FQLinkageTableViewToolTests */,
				0434ED0B20CE1B34000156A5 /* FQLinkageTableViewToolUITests */,
				0434ECE620CE1B33000156A5 /* Products */,
			);
			sourceTree = "<group>";
		};
		0434ECE620CE1B33000156A5 /* Products */ = {
			isa = PBXGroup;
			children = (
				0434ECE520CE1B33000156A5 /* FQLinkageTableViewTool.app */,
				0434ECFD20CE1B34000156A5 /* FQLinkageTableViewToolTests.xctest */,
				0434ED0820CE1B34000156A5 /* FQLinkageTableViewToolUITests.xctest */,
			);
			name = Products;
			sourceTree = "<group>";
		};
		0434ECE720CE1B33000156A5 /* FQLinkageTableViewTool */ = {
			isa = PBXGroup;
			children = (
				040839B8210705A600FEC7F8 /* ShopApp */,
				047876C52101BB100097D7E0 /* Category */,
				047876C42101BB080097D7E0 /* Tool */,
				04720F2820E1E0B8004B3334 /* BaseApp */,
				04720F2720E1E09F004B3334 /* MeiTuanApp */,
				04720F2620E1E091004B3334 /* GovApp */,
				04720F2520E1E077004B3334 /* AliPayApp */,
				0434ECE820CE1B33000156A5 /* AppDelegate.h */,
				0434ECE920CE1B33000156A5 /* AppDelegate.m */,
				0434ECEB20CE1B33000156A5 /* ViewController.h */,
				0434ECEC20CE1B33000156A5 /* ViewController.m */,
				0434ECEE20CE1B33000156A5 /* Main.storyboard */,
				0434ECF120CE1B34000156A5 /* Assets.xcassets */,
				0434ECF320CE1B34000156A5 /* LaunchScreen.storyboard */,
				0434ECF620CE1B34000156A5 /* Info.plist */,
				0434ECF720CE1B34000156A5 /* main.m */,
				04720F2C20E1E0EB004B3334 /* PrefixHeader.pch */,
			);
			path = FQLinkageTableViewTool;
			sourceTree = "<group>";
		};
		0434ED0020CE1B34000156A5 /* FQLinkageTableViewToolTests */ = {
			isa = PBXGroup;
			children = (
				0434ED0120CE1B34000156A5 /* FQLinkageTableViewToolTests.m */,
				0434ED0320CE1B34000156A5 /* Info.plist */,
			);
			path = FQLinkageTableViewToolTests;
			sourceTree = "<group>";
		};
		0434ED0B20CE1B34000156A5 /* FQLinkageTableViewToolUITests */ = {
			isa = PBXGroup;
			children = (
				0434ED0C20CE1B34000156A5 /* FQLinkageTableViewToolUITests.m */,
				0434ED0E20CE1B34000156A5 /* Info.plist */,
			);
			path = FQLinkageTableViewToolUITests;
			sourceTree = "<group>";
		};
		04720F2520E1E077004B3334 /* AliPayApp */ = {
			isa = PBXGroup;
			children = (
				04720F3320E1E1A0004B3334 /* AliPayAppViewController.h */,
				04720F3420E1E1A0004B3334 /* AliPayAppViewController.m */,
				047876B92101872B0097D7E0 /* Controller */,
				047876BA2101872B0097D7E0 /* View */,
			);
			path = AliPayApp;
			sourceTree = "<group>";
		};
		04720F2620E1E091004B3334 /* GovApp */ = {
			isa = PBXGroup;
			children = (
				04720F3020E1E191004B3334 /* GovAppViewController.h */,
				04720F3120E1E191004B3334 /* GovAppViewController.m */,
				045672A1214F8C75001E44D0 /* FQLinkageScrollView.h */,
				045672A2214F8C75001E44D0 /* FQLinkageScrollView.m */,
			);
			path = GovApp;
			sourceTree = "<group>";
		};
		04720F2720E1E09F004B3334 /* MeiTuanApp */ = {
			isa = PBXGroup;
			children = (
				04720F2D20E1E182004B3334 /* MeiTuanAppViewController.h */,
				04720F2E20E1E182004B3334 /* MeiTuanAppViewController.m */,
				04F8E40920FF278900BC8EB5 /* MTShopCartDefine.h */,
				04F8E40220FF246B00BC8EB5 /* ShopCart */,
				04F8E3F620FF1AB900BC8EB5 /* Controller */,
				04F8E3F820FF1AB900BC8EB5 /* Model */,
				04F8E3F720FF1AB900BC8EB5 /* View */,
			);
			path = MeiTuanApp;
			sourceTree = "<group>";
		};
		04720F2820E1E0B8004B3334 /* BaseApp */ = {
			isa = PBXGroup;
			children = (
				04720F2920E1E0D3004B3334 /* BaseAppViewController.h */,
				04720F2A20E1E0D3004B3334 /* BaseAppViewController.m */,
			);
			path = BaseApp;
			sourceTree = "<group>";
		};
		04720F4920E224C9004B3334 /* Masonry */ = {
			isa = PBXGroup;
			children = (
				04720F4A20E224C9004B3334 /* MASCompositeConstraint.h */,
				04720F4B20E224C9004B3334 /* MASCompositeConstraint.m */,
				04720F4C20E224C9004B3334 /* MASConstraint+Private.h */,
				04720F4D20E224C9004B3334 /* MASConstraint.h */,
				04720F4E20E224C9004B3334 /* MASConstraint.m */,
				04720F4F20E224C9004B3334 /* MASConstraintMaker.h */,
				04720F5020E224C9004B3334 /* MASConstraintMaker.m */,
				04720F5120E224C9004B3334 /* MASLayoutConstraint.h */,
				04720F5220E224C9004B3334 /* MASLayoutConstraint.m */,
				04720F5320E224C9004B3334 /* Masonry.h */,
				04720F5420E224C9004B3334 /* MASUtilities.h */,
				04720F5520E224C9004B3334 /* MASViewAttribute.h */,
				04720F5620E224C9004B3334 /* MASViewAttribute.m */,
				04720F5720E224C9004B3334 /* MASViewConstraint.h */,
				04720F5820E224C9004B3334 /* MASViewConstraint.m */,
				04720F5920E224C9004B3334 /* NSArray+MASAdditions.h */,
				04720F5A20E224C9004B3334 /* NSArray+MASAdditions.m */,
				04720F5B20E224C9004B3334 /* NSArray+MASShorthandAdditions.h */,
				04720F5C20E224C9004B3334 /* NSLayoutConstraint+MASDebugAdditions.h */,
				04720F5D20E224C9004B3334 /* NSLayoutConstraint+MASDebugAdditions.m */,
				04720F5E20E224C9004B3334 /* View+MASAdditions.h */,
				04720F5F20E224C9004B3334 /* View+MASAdditions.m */,
				04720F6020E224C9004B3334 /* View+MASShorthandAdditions.h */,
				04720F6120E224C9004B3334 /* ViewController+MASAdditions.h */,
				04720F6220E224C9004B3334 /* ViewController+MASAdditions.m */,
			);
			path = Masonry;
			sourceTree = "<group>";
		};
		047876B92101872B0097D7E0 /* Controller */ = {
			isa = PBXGroup;
			children = (
				047876BB210188420097D7E0 /* AliPayTestViewController.h */,
				047876BC210188420097D7E0 /* AliPayTestViewController.m */,
			);
			path = Controller;
			sourceTree = "<group>";
		};
		047876BA2101872B0097D7E0 /* View */ = {
			isa = PBXGroup;
			children = (
				047876BE210188780097D7E0 /* AliPayFunctionCell.h */,
				047876BF210188780097D7E0 /* AliPayFunctionCell.m */,
				047876C121018E200097D7E0 /* AliPayHeaderView.h */,
				047876C221018E200097D7E0 /* AliPayHeaderView.m */,
				047876C92101C03D0097D7E0 /* AliPayTopCell.h */,
				047876CA2101C03D0097D7E0 /* AliPayTopCell.m */,
			);
			path = View;
			sourceTree = "<group>";
		};
		047876C42101BB080097D7E0 /* Tool */ = {
			isa = PBXGroup;
			children = (
				04720F4920E224C9004B3334 /* Masonry */,
			);
			path = Tool;
			sourceTree = "<group>";
		};
		047876C52101BB100097D7E0 /* Category */ = {
			isa = PBXGroup;
			children = (
				04720F6E20E224F4004B3334 /* UIImage+Extension.h */,
				04720F6D20E224F4004B3334 /* UIImage+Extension.m */,
				04F8E3FA20FF1AEC00BC8EB5 /* UINavigationBar+Awesome.h */,
				04F8E3F920FF1AEC00BC8EB5 /* UINavigationBar+Awesome.m */,
				047876C62101BB1B0097D7E0 /* UIView+Frame.h */,
				047876C72101BB1B0097D7E0 /* UIView+Frame.m */,
			);
			path = Category;
			sourceTree = "<group>";
		};
		04F8E3F620FF1AB900BC8EB5 /* Controller */ = {
			isa = PBXGroup;
			children = (
				04F8E3FF20FF236100BC8EB5 /* MeiTuanShopViewController.h */,
				04F8E40020FF236100BC8EB5 /* MeiTuanShopViewController.m */,
			);
			path = Controller;
			sourceTree = "<group>";
		};
		04F8E3F720FF1AB900BC8EB5 /* View */ = {
			isa = PBXGroup;
			children = (
				04F8E3FC20FF1DDE00BC8EB5 /* MTShopListCell.h */,
				04F8E3FD20FF1DDE00BC8EB5 /* MTShopListCell.m */,
				04F8E40320FF24D200BC8EB5 /* MTSectionHeader.h */,
				04F8E40420FF24D200BC8EB5 /* MTSectionHeader.m */,
				04F8E40620FF258E00BC8EB5 /* MTShopHeaderView.h */,
				04F8E40720FF258E00BC8EB5 /* MTShopHeaderView.m */,
				04F8E40A20FF27C600BC8EB5 /* MTShopCountStepper.h */,
				04F8E40B20FF27C600BC8EB5 /* MTShopCountStepper.m */,
				04F8E41C20FF2FD900BC8EB5 /* FQLinkageTableView.h */,
				04F8E41D20FF2FD900BC8EB5 /* FQLinkageTableView.m */,
				04F8E41F20FF301E00BC8EB5 /* FQGoodsIndexCell.h */,
				04F8E42020FF301E00BC8EB5 /* FQGoodsIndexCell.m */,
				04F8E42220FF32CD00BC8EB5 /* FQGoodsListCell.h */,
				04F8E42320FF32CD00BC8EB5 /* FQGoodsListCell.m */,
			);
			path = View;
			sourceTree = "<group>";
		};
		04F8E3F820FF1AB900BC8EB5 /* Model */ = {
			isa = PBXGroup;
			children = (
				04F8E40D20FF286000BC8EB5 /* FQGoodsModel.h */,
				04F8E40E20FF286000BC8EB5 /* FQGoodsModel.m */,
				04F8E41020FF28C500BC8EB5 /* FQGoodsGroupModel.h */,
				04F8E41120FF28C500BC8EB5 /* FQGoodsGroupModel.m */,
				04F8E41320FF290D00BC8EB5 /* FQGoodsListModel.h */,
				04F8E41420FF290D00BC8EB5 /* FQGoodsListModel.m */,
				04F8E41620FF294300BC8EB5 /* FQShopCartModel.h */,
				04F8E41720FF294300BC8EB5 /* FQShopCartModel.m */,
				04F8E41920FF295300BC8EB5 /* FQShopBagModel.h */,
				04F8E41A20FF295300BC8EB5 /* FQShopBagModel.m */,
			);
			path = Model;
			sourceTree = "<group>";
		};
		04F8E40220FF246B00BC8EB5 /* ShopCart */ = {
			isa = PBXGroup;
			children = (
				04F8E42520FF3AA300BC8EB5 /* FQShoppingBar.h */,
				04F8E42620FF3AA300BC8EB5 /* FQShoppingBar.m */,
				04F8E42820FF3AC200BC8EB5 /* FQShoppingBarView.h */,
				04F8E42920FF3AC200BC8EB5 /* FQShoppingBarView.m */,
				04F8E43720FF58FD00BC8EB5 /* FQShoppingBarView.xib */,
				04F8E42B20FF3ADA00BC8EB5 /* FQShoppingCartView.h */,
				04F8E42C20FF3ADA00BC8EB5 /* FQShoppingCartView.m */,
				04F8E42E20FF3AEC00BC8EB5 /* FQCartHeader.h */,
				04F8E42F20FF3AEC00BC8EB5 /* FQCartHeader.m */,
				04F8E43120FF3AFF00BC8EB5 /* FQCartFooter.h */,
				04F8E43220FF3AFF00BC8EB5 /* FQCartFooter.m */,
				04F8E43420FF3B0D00BC8EB5 /* FQCartGoodsCell.h */,
				04F8E43520FF3B0D00BC8EB5 /* FQCartGoodsCell.m */,
			);
			path = ShopCart;
			sourceTree = "<group>";
		};
/* End PBXGroup section */

/* Begin PBXNativeTarget section */
		0434ECE420CE1B33000156A5 /* FQLinkageTableViewTool */ = {
			isa = PBXNativeTarget;
			buildConfigurationList = 0434ED1120CE1B34000156A5 /* Build configuration list for PBXNativeTarget "FQLinkageTableViewTool" */;
			buildPhases = (
				0434ECE120CE1B33000156A5 /* Sources */,
				0434ECE220CE1B33000156A5 /* Frameworks */,
				0434ECE320CE1B33000156A5 /* Resources */,
			);
			buildRules = (
			);
			dependencies = (
			);
			name = FQLinkageTableViewTool;
			productName = FQLinkageTableViewTool;
			productReference = 0434ECE520CE1B33000156A5 /* FQLinkageTableViewTool.app */;
			productType = "com.apple.product-type.application";
		};
		0434ECFC20CE1B34000156A5 /* FQLinkageTableViewToolTests */ = {
			isa = PBXNativeTarget;
			buildConfigurationList = 0434ED1420CE1B34000156A5 /* Build configuration list for PBXNativeTarget "FQLinkageTableViewToolTests" */;
			buildPhases = (
				0434ECF920CE1B34000156A5 /* Sources */,
				0434ECFA20CE1B34000156A5 /* Frameworks */,
				0434ECFB20CE1B34000156A5 /* Resources */,
			);
			buildRules = (
			);
			dependencies = (
				0434ECFF20CE1B34000156A5 /* PBXTargetDependency */,
			);
			name = FQLinkageTableViewToolTests;
			productName = FQLinkageTableViewToolTests;
			productReference = 0434ECFD20CE1B34000156A5 /* FQLinkageTableViewToolTests.xctest */;
			productType = "com.apple.product-type.bundle.unit-test";
		};
		0434ED0720CE1B34000156A5 /* FQLinkageTableViewToolUITests */ = {
			isa = PBXNativeTarget;
			buildConfigurationList = 0434ED1720CE1B34000156A5 /* Build configuration list for PBXNativeTarget "FQLinkageTableViewToolUITests" */;
			buildPhases = (
				0434ED0420CE1B34000156A5 /* Sources */,
				0434ED0520CE1B34000156A5 /* Frameworks */,
				0434ED0620CE1B34000156A5 /* Resources */,
			);
			buildRules = (
			);
			dependencies = (
				0434ED0A20CE1B34000156A5 /* PBXTargetDependency */,
			);
			name = FQLinkageTableViewToolUITests;
			productName = FQLinkageTableViewToolUITests;
			productReference = 0434ED0820CE1B34000156A5 /* FQLinkageTableViewToolUITests.xctest */;
			productType = "com.apple.product-type.bundle.ui-testing";
		};
/* End PBXNativeTarget section */

/* Begin PBXProject section */
		0434ECDD20CE1B33000156A5 /* Project object */ = {
			isa = PBXProject;
			attributes = {
				LastUpgradeCheck = 0930;
				ORGANIZATIONNAME = mac;
				TargetAttributes = {
					0434ECE420CE1B33000156A5 = {
						CreatedOnToolsVersion = 9.3;
					};
					0434ECFC20CE1B34000156A5 = {
						CreatedOnToolsVersion = 9.3;
						TestTargetID = 0434ECE420CE1B33000156A5;
					};
					0434ED0720CE1B34000156A5 = {
						CreatedOnToolsVersion = 9.3;
						TestTargetID = 0434ECE420CE1B33000156A5;
					};
				};
			};
			buildConfigurationList = 0434ECE020CE1B33000156A5 /* Build configuration list for PBXProject "FQLinkageTableViewTool" */;
			compatibilityVersion = "Xcode 9.3";
			developmentRegion = en;
			hasScannedForEncodings = 0;
			knownRegions = (
				en,
				Base,
			);
			mainGroup = 0434ECDC20CE1B33000156A5;
			productRefGroup = 0434ECE620CE1B33000156A5 /* Products */;
			projectDirPath = "";
			projectRoot = "";
			targets = (
				0434ECE420CE1B33000156A5 /* FQLinkageTableViewTool */,
				0434ECFC20CE1B34000156A5 /* FQLinkageTableViewToolTests */,
				0434ED0720CE1B34000156A5 /* FQLinkageTableViewToolUITests */,
			);
		};
/* End PBXProject section */

/* Begin PBXResourcesBuildPhase section */
		0434ECE320CE1B33000156A5 /* Resources */ = {
			isa = PBXResourcesBuildPhase;
			buildActionMask = 2147483647;
			files = (
				0434ECF520CE1B34000156A5 /* LaunchScreen.storyboard in Resources */,
				04F8E43820FF58FD00BC8EB5 /* FQShoppingBarView.xib in Resources */,
				0434ECF220CE1B34000156A5 /* Assets.xcassets in Resources */,
				0434ECF020CE1B33000156A5 /* Main.storyboard in Resources */,
			);
			runOnlyForDeploymentPostprocessing = 0;
		};
		0434ECFB20CE1B34000156A5 /* Resources */ = {
			isa = PBXResourcesBuildPhase;
			buildActionMask = 2147483647;
			files = (
			);
			runOnlyForDeploymentPostprocessing = 0;
		};
		0434ED0620CE1B34000156A5 /* Resources */ = {
			isa = PBXResourcesBuildPhase;
			buildActionMask = 2147483647;
			files = (
			);
			runOnlyForDeploymentPostprocessing = 0;
		};
/* End PBXResourcesBuildPhase section */

/* Begin PBXSourcesBuildPhase section */
		0434ECE120CE1B33000156A5 /* Sources */ = {
			isa = PBXSourcesBuildPhase;
			buildActionMask = 2147483647;
			files = (
				04720F3520E1E1A0004B3334 /* AliPayAppViewController.m in Sources */,
				047876BD210188420097D7E0 /* AliPayTestViewController.m in Sources */,
				04F8E42A20FF3AC200BC8EB5 /* FQShoppingBarView.m in Sources */,
				04720F6920E224C9004B3334 /* NSArray+MASAdditions.m in Sources */,
				04F8E40F20FF286000BC8EB5 /* FQGoodsModel.m in Sources */,
				04F8E41220FF28C500BC8EB5 /* FQGoodsGroupModel.m in Sources */,
				04F8E43320FF3AFF00BC8EB5 /* FQCartFooter.m in Sources */,
				04F8E41820FF294300BC8EB5 /* FQShopCartModel.m in Sources */,
				04F8E43620FF3B0D00BC8EB5 /* FQCartGoodsCell.m in Sources */,
				040839BE210705C000FEC7F8 /* FQShopAppViewController.m in Sources */,
				047876C321018E200097D7E0 /* AliPayHeaderView.m in Sources */,
				040839CA21070E4400FEC7F8 /* FQCollectionViewFlowLayout.m in Sources */,
				04F8E41B20FF295300BC8EB5 /* FQShopBagModel.m in Sources */,
				04F8E43020FF3AEC00BC8EB5 /* FQCartHeader.m in Sources */,
				0434ECED20CE1B33000156A5 /* ViewController.m in Sources */,
				047876CB2101C03D0097D7E0 /* AliPayTopCell.m in Sources */,
				04720F3220E1E191004B3334 /* GovAppViewController.m in Sources */,
				047876C0210188780097D7E0 /* AliPayFunctionCell.m in Sources */,
				04720F6B20E224C9004B3334 /* View+MASAdditions.m in Sources */,
				040839C42107094900FEC7F8 /* CollectionViewHeaderView.m in Sources */,
				04720F6620E224C9004B3334 /* MASLayoutConstraint.m in Sources */,
				04F8E40C20FF27C600BC8EB5 /* MTShopCountStepper.m in Sources */,
				040839C721070B5C00FEC7F8 /* CollectionViewCell.m in Sources */,
				04F8E3FE20FF1DDE00BC8EB5 /* MTShopListCell.m in Sources */,
				04F8E42D20FF3ADA00BC8EB5 /* FQShoppingCartView.m in Sources */,
				04F8E41E20FF2FD900BC8EB5 /* FQLinkageTableView.m in Sources */,
				04F8E40820FF258E00BC8EB5 /* MTShopHeaderView.m in Sources */,
				04720F6F20E224F4004B3334 /* UIImage+Extension.m in Sources */,
				04720F6420E224C9004B3334 /* MASConstraint.m in Sources */,
				047876C82101BB1B0097D7E0 /* UIView+Frame.m in Sources */,
				04720F6A20E224C9004B3334 /* NSLayoutConstraint+MASDebugAdditions.m in Sources */,
				04720F6320E224C9004B3334 /* MASCompositeConstraint.m in Sources */,
				04720F2F20E1E182004B3334 /* MeiTuanAppViewController.m in Sources */,
				04720F2B20E1E0D3004B3334 /* BaseAppViewController.m in Sources */,
				0434ECF820CE1B34000156A5 /* main.m in Sources */,
				040839C12107091F00FEC7F8 /* LeftTableViewCell.m in Sources */,
				04720F6520E224C9004B3334 /* MASConstraintMaker.m in Sources */,
				04720F6C20E224C9004B3334 /* ViewController+MASAdditions.m in Sources */,
				04720F6820E224C9004B3334 /* MASViewConstraint.m in Sources */,
				04F8E40520FF24D200BC8EB5 /* MTSectionHeader.m in Sources */,
				045672A3214F8C75001E44D0 /* FQLinkageScrollView.m in Sources */,
				04F8E41520FF290D00BC8EB5 /* FQGoodsListModel.m in Sources */,
				0434ECEA20CE1B33000156A5 /* AppDelegate.m in Sources */,
				04F8E42420FF32CD00BC8EB5 /* FQGoodsListCell.m in Sources */,
				04F8E42120FF301E00BC8EB5 /* FQGoodsIndexCell.m in Sources */,
				04F8E3FB20FF1AEC00BC8EB5 /* UINavigationBar+Awesome.m in Sources */,
				04F8E40120FF236100BC8EB5 /* MeiTuanShopViewController.m in Sources */,
				04720F6720E224C9004B3334 /* MASViewAttribute.m in Sources */,
				04F8E42720FF3AA300BC8EB5 /* FQShoppingBar.m in Sources */,
			);
			runOnlyForDeploymentPostprocessing = 0;
		};
		0434ECF920CE1B34000156A5 /* Sources */ = {
			isa = PBXSourcesBuildPhase;
			buildActionMask = 2147483647;
			files = (
				0434ED0220CE1B34000156A5 /* FQLinkageTableViewToolTests.m in Sources */,
			);
			runOnlyForDeploymentPostprocessing = 0;
		};
		0434ED0420CE1B34000156A5 /* Sources */ = {
			isa = PBXSourcesBuildPhase;
			buildActionMask = 2147483647;
			files = (
				0434ED0D20CE1B34000156A5 /* FQLinkageTableViewToolUITests.m in Sources */,
			);
			runOnlyForDeploymentPostprocessing = 0;
		};
/* End PBXSourcesBuildPhase section */

/* Begin PBXTargetDependency section */
		0434ECFF20CE1B34000156A5 /* PBXTargetDependency */ = {
			isa = PBXTargetDependency;
			target = 0434ECE420CE1B33000156A5 /* FQLinkageTableViewTool */;
			targetProxy = 0434ECFE20CE1B34000156A5 /* PBXContainerItemProxy */;
		};
		0434ED0A20CE1B34000156A5 /* PBXTargetDependency */ = {
			isa = PBXTargetDependency;
			target = 0434ECE420CE1B33000156A5 /* FQLinkageTableViewTool */;
			targetProxy = 0434ED0920CE1B34000156A5 /* PBXContainerItemProxy */;
		};
/* End PBXTargetDependency section */

/* Begin PBXVariantGroup section */
		0434ECEE20CE1B33000156A5 /* Main.storyboard */ = {
			isa = PBXVariantGroup;
			children = (
				0434ECEF20CE1B33000156A5 /* Base */,
			);
			name = Main.storyboard;
			sourceTree = "<group>";
		};
		0434ECF320CE1B34000156A5 /* LaunchScreen.storyboard */ = {
			isa = PBXVariantGroup;
			children = (
				0434ECF420CE1B34000156A5 /* Base */,
			);
			name = LaunchScreen.storyboard;
			sourceTree = "<group>";
		};
/* End PBXVariantGroup section */

/* Begin XCBuildConfiguration section */
		0434ED0F20CE1B34000156A5 /* Debug */ = {
			isa = XCBuildConfiguration;
			buildSettings = {
				ALWAYS_SEARCH_USER_PATHS = NO;
				CLANG_ANALYZER_NONNULL = YES;
				CLANG_ANALYZER_NUMBER_OBJECT_CONVERSION = YES_AGGRESSIVE;
				CLANG_CXX_LANGUAGE_STANDARD = "gnu++14";
				CLANG_CXX_LIBRARY = "libc++";
				CLANG_ENABLE_MODULES = YES;
				CLANG_ENABLE_OBJC_ARC = YES;
				CLANG_ENABLE_OBJC_WEAK = YES;
				CLANG_WARN_BLOCK_CAPTURE_AUTORELEASING = YES;
				CLANG_WARN_BOOL_CONVERSION = YES;
				CLANG_WARN_COMMA = YES;
				CLANG_WARN_CONSTANT_CONVERSION = YES;
				CLANG_WARN_DEPRECATED_OBJC_IMPLEMENTATIONS = YES;
				CLANG_WARN_DIRECT_OBJC_ISA_USAGE = YES_ERROR;
				CLANG_WARN_DOCUMENTATION_COMMENTS = YES;
				CLANG_WARN_EMPTY_BODY = YES;
				CLANG_WARN_ENUM_CONVERSION = YES;
				CLANG_WARN_INFINITE_RECURSION = YES;
				CLANG_WARN_INT_CONVERSION = YES;
				CLANG_WARN_NON_LITERAL_NULL_CONVERSION = YES;
				CLANG_WARN_OBJC_IMPLICIT_RETAIN_SELF = YES;
				CLANG_WARN_OBJC_LITERAL_CONVERSION = YES;
				CLANG_WARN_OBJC_ROOT_CLASS = YES_ERROR;
				CLANG_WARN_RANGE_LOOP_ANALYSIS = YES;
				CLANG_WARN_STRICT_PROTOTYPES = YES;
				CLANG_WARN_SUSPICIOUS_MOVE = YES;
				CLANG_WARN_UNGUARDED_AVAILABILITY = YES_AGGRESSIVE;
				CLANG_WARN_UNREACHABLE_CODE = YES;
				CLANG_WARN__DUPLICATE_METHOD_MATCH = YES;
				CODE_SIGN_IDENTITY = "iPhone Developer";
				COPY_PHASE_STRIP = NO;
				DEBUG_INFORMATION_FORMAT = dwarf;
				ENABLE_STRICT_OBJC_MSGSEND = YES;
				ENABLE_TESTABILITY = YES;
				GCC_C_LANGUAGE_STANDARD = gnu11;
				GCC_DYNAMIC_NO_PIC = NO;
				GCC_NO_COMMON_BLOCKS = YES;
				GCC_OPTIMIZATION_LEVEL = 0;
				GCC_PREPROCESSOR_DEFINITIONS = (
					"DEBUG=1",
					"$(inherited)",
				);
				GCC_WARN_64_TO_32_BIT_CONVERSION = YES;
				GCC_WARN_ABOUT_RETURN_TYPE = YES_ERROR;
				GCC_WARN_UNDECLARED_SELECTOR = YES;
				GCC_WARN_UNINITIALIZED_AUTOS = YES_AGGRESSIVE;
				GCC_WARN_UNUSED_FUNCTION = YES;
				GCC_WARN_UNUSED_VARIABLE = YES;
				IPHONEOS_DEPLOYMENT_TARGET = 11.3;
				MTL_ENABLE_DEBUG_INFO = YES;
				ONLY_ACTIVE_ARCH = YES;
				SDKROOT = iphoneos;
			};
			name = Debug;
		};
		0434ED1020CE1B34000156A5 /* Release */ = {
			isa = XCBuildConfiguration;
			buildSettings = {
				ALWAYS_SEARCH_USER_PATHS = NO;
				CLANG_ANALYZER_NONNULL = YES;
				CLANG_ANALYZER_NUMBER_OBJECT_CONVERSION = YES_AGGRESSIVE;
				CLANG_CXX_LANGUAGE_STANDARD = "gnu++14";
				CLANG_CXX_LIBRARY = "libc++";
				CLANG_ENABLE_MODULES = YES;
				CLANG_ENABLE_OBJC_ARC = YES;
				CLANG_ENABLE_OBJC_WEAK = YES;
				CLANG_WARN_BLOCK_CAPTURE_AUTORELEASING = YES;
				CLANG_WARN_BOOL_CONVERSION = YES;
				CLANG_WARN_COMMA = YES;
				CLANG_WARN_CONSTANT_CONVERSION = YES;
				CLANG_WARN_DEPRECATED_OBJC_IMPLEMENTATIONS = YES;
				CLANG_WARN_DIRECT_OBJC_ISA_USAGE = YES_ERROR;
				CLANG_WARN_DOCUMENTATION_COMMENTS = YES;
				CLANG_WARN_EMPTY_BODY = YES;
				CLANG_WARN_ENUM_CONVERSION = YES;
				CLANG_WARN_INFINITE_RECURSION = YES;
				CLANG_WARN_INT_CONVERSION = YES;
				CLANG_WARN_NON_LITERAL_NULL_CONVERSION = YES;
				CLANG_WARN_OBJC_IMPLICIT_RETAIN_SELF = YES;
				CLANG_WARN_OBJC_LITERAL_CONVERSION = YES;
				CLANG_WARN_OBJC_ROOT_CLASS = YES_ERROR;
				CLANG_WARN_RANGE_LOOP_ANALYSIS = YES;
				CLANG_WARN_STRICT_PROTOTYPES = YES;
				CLANG_WARN_SUSPICIOUS_MOVE = YES;
				CLANG_WARN_UNGUARDED_AVAILABILITY = YES_AGGRESSIVE;
				CLANG_WARN_UNREACHABLE_CODE = YES;
				CLANG_WARN__DUPLICATE_METHOD_MATCH = YES;
				CODE_SIGN_IDENTITY = "iPhone Developer";
				COPY_PHASE_STRIP = NO;
				DEBUG_INFORMATION_FORMAT = "dwarf-with-dsym";
				ENABLE_NS_ASSERTIONS = NO;
				ENABLE_STRICT_OBJC_MSGSEND = YES;
				GCC_C_LANGUAGE_STANDARD = gnu11;
				GCC_NO_COMMON_BLOCKS = YES;
				GCC_WARN_64_TO_32_BIT_CONVERSION = YES;
				GCC_WARN_ABOUT_RETURN_TYPE = YES_ERROR;
				GCC_WARN_UNDECLARED_SELECTOR = YES;
				GCC_WARN_UNINITIALIZED_AUTOS = YES_AGGRESSIVE;
				GCC_WARN_UNUSED_FUNCTION = YES;
				GCC_WARN_UNUSED_VARIABLE = YES;
				IPHONEOS_DEPLOYMENT_TARGET = 11.3;
				MTL_ENABLE_DEBUG_INFO = NO;
				SDKROOT = iphoneos;
				VALIDATE_PRODUCT = YES;
			};
			name = Release;
		};
		0434ED1220CE1B34000156A5 /* Debug */ = {
			isa = XCBuildConfiguration;
			buildSettings = {
				ASSETCATALOG_COMPILER_APPICON_NAME = AppIcon;
				CLANG_WARN_OBJC_IMPLICIT_RETAIN_SELF = NO;
				CODE_SIGN_STYLE = Automatic;
				DEVELOPMENT_TEAM = BK7D8W6QJ2;
				GCC_PREFIX_HEADER = FQLinkageTableViewTool/PrefixHeader.pch;
				INFOPLIST_FILE = FQLinkageTableViewTool/Info.plist;
				IPHONEOS_DEPLOYMENT_TARGET = 8.0;
				LD_RUNPATH_SEARCH_PATHS = (
					"$(inherited)",
					"@executable_path/Frameworks",
				);
				PRODUCT_BUNDLE_IDENTIFIER = com.hdyg.FQLinkageTableViewTool;
				PRODUCT_NAME = "$(TARGET_NAME)";
				TARGETED_DEVICE_FAMILY = "1,2";
			};
			name = Debug;
		};
		0434ED1320CE1B34000156A5 /* Release */ = {
			isa = XCBuildConfiguration;
			buildSettings = {
				ASSETCATALOG_COMPILER_APPICON_NAME = AppIcon;
				CLANG_WARN_OBJC_IMPLICIT_RETAIN_SELF = NO;
				CODE_SIGN_STYLE = Automatic;
				DEVELOPMENT_TEAM = BK7D8W6QJ2;
				GCC_PREFIX_HEADER = FQLinkageTableViewTool/PrefixHeader.pch;
				INFOPLIST_FILE = FQLinkageTableViewTool/Info.plist;
				IPHONEOS_DEPLOYMENT_TARGET = 8.0;
				LD_RUNPATH_SEARCH_PATHS = (
					"$(inherited)",
					"@executable_path/Frameworks",
				);
				PRODUCT_BUNDLE_IDENTIFIER = com.hdyg.FQLinkageTableViewTool;
				PRODUCT_NAME = "$(TARGET_NAME)";
				TARGETED_DEVICE_FAMILY = "1,2";
			};
			name = Release;
		};
		0434ED1520CE1B34000156A5 /* Debug */ = {
			isa = XCBuildConfiguration;
			buildSettings = {
				BUNDLE_LOADER = "$(TEST_HOST)";
				CODE_SIGN_STYLE = Automatic;
				DEVELOPMENT_TEAM = AR9M6JHEVE;
				INFOPLIST_FILE = FQLinkageTableViewToolTests/Info.plist;
				LD_RUNPATH_SEARCH_PATHS = (
					"$(inherited)",
					"@executable_path/Frameworks",
					"@loader_path/Frameworks",
				);
				PRODUCT_BUNDLE_IDENTIFIER = com.hdyg.FQLinkageTableViewToolTests;
				PRODUCT_NAME = "$(TARGET_NAME)";
				TARGETED_DEVICE_FAMILY = "1,2";
				TEST_HOST = "$(BUILT_PRODUCTS_DIR)/FQLinkageTableViewTool.app/FQLinkageTableViewTool";
			};
			name = Debug;
		};
		0434ED1620CE1B34000156A5 /* Release */ = {
			isa = XCBuildConfiguration;
			buildSettings = {
				BUNDLE_LOADER = "$(TEST_HOST)";
				CODE_SIGN_STYLE = Automatic;
				DEVELOPMENT_TEAM = AR9M6JHEVE;
				INFOPLIST_FILE = FQLinkageTableViewToolTests/Info.plist;
				LD_RUNPATH_SEARCH_PATHS = (
					"$(inherited)",
					"@executable_path/Frameworks",
					"@loader_path/Frameworks",
				);
				PRODUCT_BUNDLE_IDENTIFIER = com.hdyg.FQLinkageTableViewToolTests;
				PRODUCT_NAME = "$(TARGET_NAME)";
				TARGETED_DEVICE_FAMILY = "1,2";
				TEST_HOST = "$(BUILT_PRODUCTS_DIR)/FQLinkageTableViewTool.app/FQLinkageTableViewTool";
			};
			name = Release;
		};
		0434ED1820CE1B34000156A5 /* Debug */ = {
			isa = XCBuildConfiguration;
			buildSettings = {
				CODE_SIGN_STYLE = Automatic;
				DEVELOPMENT_TEAM = AR9M6JHEVE;
				INFOPLIST_FILE = FQLinkageTableViewToolUITests/Info.plist;
				LD_RUNPATH_SEARCH_PATHS = (
					"$(inherited)",
					"@executable_path/Frameworks",
					"@loader_path/Frameworks",
				);
				PRODUCT_BUNDLE_IDENTIFIER = com.hdyg.FQLinkageTableViewToolUITests;
				PRODUCT_NAME = "$(TARGET_NAME)";
				TARGETED_DEVICE_FAMILY = "1,2";
				TEST_TARGET_NAME = FQLinkageTableViewTool;
			};
			name = Debug;
		};
		0434ED1920CE1B34000156A5 /* Release */ = {
			isa = XCBuildConfiguration;
			buildSettings = {
				CODE_SIGN_STYLE = Automatic;
				DEVELOPMENT_TEAM = AR9M6JHEVE;
				INFOPLIST_FILE = FQLinkageTableViewToolUITests/Info.plist;
				LD_RUNPATH_SEARCH_PATHS = (
					"$(inherited)",
					"@executable_path/Frameworks",
					"@loader_path/Frameworks",
				);
				PRODUCT_BUNDLE_IDENTIFIER = com.hdyg.FQLinkageTableViewToolUITests;
				PRODUCT_NAME = "$(TARGET_NAME)";
				TARGETED_DEVICE_FAMILY = "1,2";
				TEST_TARGET_NAME = FQLinkageTableViewTool;
			};
			name = Release;
		};
/* End XCBuildConfiguration section */

/* Begin XCConfigurationList section */
		0434ECE020CE1B33000156A5 /* Build configuration list for PBXProject "FQLinkageTableViewTool" */ = {
			isa = XCConfigurationList;
			buildConfigurations = (
				0434ED0F20CE1B34000156A5 /* Debug */,
				0434ED1020CE1B34000156A5 /* Release */,
			);
			defaultConfigurationIsVisible = 0;
			defaultConfigurationName = Release;
		};
		0434ED1120CE1B34000156A5 /* Build configuration list for PBXNativeTarget "FQLinkageTableViewTool" */ = {
			isa = XCConfigurationList;
			buildConfigurations = (
				0434ED1220CE1B34000156A5 /* Debug */,
				0434ED1320CE1B34000156A5 /* Release */,
			);
			defaultConfigurationIsVisible = 0;
			defaultConfigurationName = Release;
		};
		0434ED1420CE1B34000156A5 /* Build configuration list for PBXNativeTarget "FQLinkageTableViewToolTests" */ = {
			isa = XCConfigurationList;
			buildConfigurations = (
				0434ED1520CE1B34000156A5 /* Debug */,
				0434ED1620CE1B34000156A5 /* Release */,
			);
			defaultConfigurationIsVisible = 0;
			defaultConfigurationName = Release;
		};
		0434ED1720CE1B34000156A5 /* Build configuration list for PBXNativeTarget "FQLinkageTableViewToolUITests" */ = {
			isa = XCConfigurationList;
			buildConfigurations = (
				0434ED1820CE1B34000156A5 /* Debug */,
				0434ED1920CE1B34000156A5 /* Release */,
			);
			defaultConfigurationIsVisible = 0;
			defaultConfigurationName = Release;
		};
/* End XCConfigurationList section */
	};
	rootObject = 0434ECDD20CE1B33000156A5 /* Project object */;
}
